
Microsoft Visual Studio Solution File, Format Version 12.00
# Visual Studio Version 17
VisualStudioVersion = 17.11.35219.272
MinimumVisualStudioVersion = 10.0.40219.1
Project("{FAE04EC0-301F-11D3-BF4B-00C04F79EFBC}") = "ComicsShop.Identity.Api", "src\ComicsShop.Identity.Api\ComicsShop.Identity.Api.csproj", "{73A1417A-9D34-4E1A-B686-4B9FF8719A38}"
EndProject
Project("{FAE04EC0-301F-11D3-BF4B-00C04F79EFBC}") = "ComicsShop.Catalog.Api", "src\ComicsShop.Catalog.Api\ComicsShop.Catalog.Api.csproj", "{4E861902-083D-4C4A-ADB4-9B7F45EC9606}"
EndProject
Global
	GlobalSection(SolutionConfigurationPlatforms) = preSolution
		Debug|Any CPU = Debug|Any CPU
		Release|Any CPU = Release|Any CPU
	EndGlobalSection
	GlobalSection(ProjectConfigurationPlatforms) = postSolution
		{73A1417A-9D34-4E1A-B686-4B9FF8719A38}.Debug|Any CPU.ActiveCfg = Debug|Any CPU
		{73A1417A-9D34-4E1A-B686-4B9FF8719A38}.Debug|Any CPU.Build.0 = Debug|Any CPU
		{73A1417A-9D34-4E1A-B686-4B9FF8719A38}.Release|Any CPU.ActiveCfg = Release|Any CPU
		{73A1417A-9D34-4E1A-B686-4B9FF8719A38}.Release|Any CPU.Build.0 = Release|Any CPU
		{4E861902-083D-4C4A-ADB4-9B7F45EC9606}.Debug|Any CPU.ActiveCfg = Debug|Any CPU
		{4E861902-083D-4C4A-ADB4-9B7F45EC9606}.Debug|Any CPU.Build.0 = Debug|Any CPU
		{4E861902-083D-4C4A-ADB4-9B7F45EC9606}.Release|Any CPU.ActiveCfg = Release|Any CPU
		{4E861902-083D-4C4A-ADB4-9B7F45EC9606}.Release|Any CPU.Build.0 = Release|Any CPU
	EndGlobalSection
	GlobalSection(SolutionProperties) = preSolution
		HideSolutionNode = FALSE
	EndGlobalSection
	GlobalSection(ExtensibilityGlobals) = postSolution
		SolutionGuid = {348E8644-1C8C-443B-9B9F-86BC23100FFF}
	EndGlobalSection
EndGlobal
